
Microsoft Visual Studio Solution File, Format Version 12.00
# Visual Studio 15
VisualStudioVersion = 15.0.26430.14
MinimumVisualStudioVersion = 10.0.40219.1
Project("{FAE04EC0-301F-11D3-BF4B-00C04F79EFBC}") = "CortanaDemo.Android", "CortanaDemo\CortanaDemo.Android\CortanaDemo.Android.csproj", "{DD336552-1731-4AEE-A279-8FFB25BE3DE0}"
EndProject
Project("{FAE04EC0-301F-11D3-BF4B-00C04F79EFBC}") = "CortanaDemo", "CortanaDemo\CortanaDemo\CortanaDemo.csproj", "{41B99EE1-F653-4805-BA9B-B2B83EDFAEEB}"
EndProject
Project("{FAE04EC0-301F-11D3-BF4B-00C04F79EFBC}") = "CortanaDemo.UWP", "CortanaDemo\CortanaDemo.UWP\CortanaDemo.UWP.csproj", "{95A1577E-3EE6-4038-8006-2DC411BC0139}"
EndProject
Project("{FAE04EC0-301F-11D3-BF4B-00C04F79EFBC}") = "CortanaDemo.iOS", "CortanaDemo\CortanaDemo.iOS\CortanaDemo.iOS.csproj", "{5CBD14B6-A7A3-48A5-BF75-1F647530D0F1}"
EndProject
Global
	GlobalSection(SolutionConfigurationPlatforms) = preSolution
		Ad-Hoc|Any CPU = Ad-Hoc|Any CPU
		Ad-Hoc|ARM = Ad-Hoc|ARM
		Ad-Hoc|iPhone = Ad-Hoc|iPhone
		Ad-Hoc|iPhoneSimulator = Ad-Hoc|iPhoneSimulator
		Ad-Hoc|x64 = Ad-Hoc|x64
		Ad-Hoc|x86 = Ad-Hoc|x86
		AppStore|Any CPU = AppStore|Any CPU
		AppStore|ARM = AppStore|ARM
		AppStore|iPhone = AppStore|iPhone
		AppStore|iPhoneSimulator = AppStore|iPhoneSimulator
		AppStore|x64 = AppStore|x64
		AppStore|x86 = AppStore|x86
		Debug|Any CPU = Debug|Any CPU
		Debug|ARM = Debug|ARM
		Debug|iPhone = Debug|iPhone
		Debug|iPhoneSimulator = Debug|iPhoneSimulator
		Debug|x64 = Debug|x64
		Debug|x86 = Debug|x86
		Release|Any CPU = Release|Any CPU
		Release|ARM = Release|ARM
		Release|iPhone = Release|iPhone
		Release|iPhoneSimulator = Release|iPhoneSimulator
		Release|x64 = Release|x64
		Release|x86 = Release|x86
	EndGlobalSection
	GlobalSection(ProjectConfigurationPlatforms) = postSolution
		{DD336552-1731-4AEE-A279-8FFB25BE3DE0}.Ad-Hoc|Any CPU.ActiveCfg = Release|Any CPU
		{DD336552-1731-4AEE-A279-8FFB25BE3DE0}.Ad-Hoc|Any CPU.Build.0 = Release|Any CPU
		{DD336552-1731-4AEE-A279-8FFB25BE3DE0}.Ad-Hoc|Any CPU.Deploy.0 = Release|Any CPU
		{DD336552-1731-4AEE-A279-8FFB25BE3DE0}.Ad-Hoc|ARM.ActiveCfg = Release|Any CPU
		{DD336552-1731-4AEE-A279-8FFB25BE3DE0}.Ad-Hoc|ARM.Build.0 = Release|Any CPU
		{DD336552-1731-4AEE-A279-8FFB25BE3DE0}.Ad-Hoc|ARM.Deploy.0 = Release|Any CPU
		{DD336552-1731-4AEE-A279-8FFB25BE3DE0}.Ad-Hoc|iPhone.ActiveCfg = Release|Any CPU
		{DD336552-1731-4AEE-A279-8FFB25BE3DE0}.Ad-Hoc|iPhone.Build.0 = Release|Any CPU
		{DD336552-1731-4AEE-A279-8FFB25BE3DE0}.Ad-Hoc|iPhone.Deploy.0 = Release|Any CPU
		{DD336552-1731-4AEE-A279-8FFB25BE3DE0}.Ad-Hoc|iPhoneSimulator.ActiveCfg = Release|Any CPU
		{DD336552-1731-4AEE-A279-8FFB25BE3DE0}.Ad-Hoc|iPhoneSimulator.Build.0 = Release|Any CPU
		{DD336552-1731-4AEE-A279-8FFB25BE3DE0}.Ad-Hoc|iPhoneSimulator.Deploy.0 = Release|Any CPU
		{DD336552-1731-4AEE-A279-8FFB25BE3DE0}.Ad-Hoc|x64.ActiveCfg = Release|Any CPU
		{DD336552-1731-4AEE-A279-8FFB25BE3DE0}.Ad-Hoc|x64.Build.0 = Release|Any CPU
		{DD336552-1731-4AEE-A279-8FFB25BE3DE0}.Ad-Hoc|x64.Deploy.0 = Release|Any CPU
		{DD336552-1731-4AEE-A279-8FFB25BE3DE0}.Ad-Hoc|x86.ActiveCfg = Release|Any CPU
		{DD336552-1731-4AEE-A279-8FFB25BE3DE0}.Ad-Hoc|x86.Build.0 = Release|Any CPU
		{DD336552-1731-4AEE-A279-8FFB25BE3DE0}.Ad-Hoc|x86.Deploy.0 = Release|Any CPU
		{DD336552-1731-4AEE-A279-8FFB25BE3DE0}.AppStore|Any CPU.ActiveCfg = Release|Any CPU
		{DD336552-1731-4AEE-A279-8FFB25BE3DE0}.AppStore|Any CPU.Build.0 = Release|Any CPU
		{DD336552-1731-4AEE-A279-8FFB25BE3DE0}.AppStore|Any CPU.Deploy.0 = Release|Any CPU
		{DD336552-1731-4AEE-A279-8FFB25BE3DE0}.AppStore|ARM.ActiveCfg = Release|Any CPU
		{DD336552-1731-4AEE-A279-8FFB25BE3DE0}.AppStore|ARM.Build.0 = Release|Any CPU
		{DD336552-1731-4AEE-A279-8FFB25BE3DE0}.AppStore|ARM.Deploy.0 = Release|Any CPU
		{DD336552-1731-4AEE-A279-8FFB25BE3DE0}.AppStore|iPhone.ActiveCfg = Release|Any CPU
		{DD336552-1731-4AEE-A279-8FFB25BE3DE0}.AppStore|iPhone.Build.0 = Release|Any CPU
		{DD336552-1731-4AEE-A279-8FFB25BE3DE0}.AppStore|iPhone.Deploy.0 = Release|Any CPU
		{DD336552-1731-4AEE-A279-8FFB25BE3DE0}.AppStore|iPhoneSimulator.ActiveCfg = Release|Any CPU
		{DD336552-1731-4AEE-A279-8FFB25BE3DE0}.AppStore|iPhoneSimulator.Build.0 = Release|Any CPU
		{DD336552-1731-4AEE-A279-8FFB25BE3DE0}.AppStore|iPhoneSimulator.Deploy.0 = Release|Any CPU
		{DD336552-1731-4AEE-A279-8FFB25BE3DE0}.AppStore|x64.ActiveCfg = Release|Any CPU
		{DD336552-1731-4AEE-A279-8FFB25BE3DE0}.AppStore|x64.Build.0 = Release|Any CPU
		{DD336552-1731-4AEE-A279-8FFB25BE3DE0}.AppStore|x64.Deploy.0 = Release|Any CPU
		{DD336552-1731-4AEE-A279-8FFB25BE3DE0}.AppStore|x86.ActiveCfg = Release|Any CPU
		{DD336552-1731-4AEE-A279-8FFB25BE3DE0}.AppStore|x86.Build.0 = Release|Any CPU
		{DD336552-1731-4AEE-A279-8FFB25BE3DE0}.AppStore|x86.Deploy.0 = Release|Any CPU
		{DD336552-1731-4AEE-A279-8FFB25BE3DE0}.Debug|Any CPU.ActiveCfg = Debug|Any CPU
		{DD336552-1731-4AEE-A279-8FFB25BE3DE0}.Debug|Any CPU.Build.0 = Debug|Any CPU
		{DD336552-1731-4AEE-A279-8FFB25BE3DE0}.Debug|Any CPU.Deploy.0 = Debug|Any CPU
		{DD336552-1731-4AEE-A279-8FFB25BE3DE0}.Debug|ARM.ActiveCfg = Debug|Any CPU
		{DD336552-1731-4AEE-A279-8FFB25BE3DE0}.Debug|ARM.Build.0 = Debug|Any CPU
		{DD336552-1731-4AEE-A279-8FFB25BE3DE0}.Debug|ARM.Deploy.0 = Debug|Any CPU
		{DD336552-1731-4AEE-A279-8FFB25BE3DE0}.Debug|iPhone.ActiveCfg = Debug|Any CPU
		{DD336552-1731-4AEE-A279-8FFB25BE3DE0}.Debug|iPhone.Build.0 = Debug|Any CPU
		{DD336552-1731-4AEE-A279-8FFB25BE3DE0}.Debug|iPhone.Deploy.0 = Debug|Any CPU
		{DD336552-1731-4AEE-A279-8FFB25BE3DE0}.Debug|iPhoneSimulator.ActiveCfg = Debug|Any CPU
		{DD336552-1731-4AEE-A279-8FFB25BE3DE0}.Debug|iPhoneSimulator.Build.0 = Debug|Any CPU
		{DD336552-1731-4AEE-A279-8FFB25BE3DE0}.Debug|iPhoneSimulator.Deploy.0 = Debug|Any CPU
		{DD336552-1731-4AEE-A279-8FFB25BE3DE0}.Debug|x64.ActiveCfg = Debug|Any CPU
		{DD336552-1731-4AEE-A279-8FFB25BE3DE0}.Debug|x64.Build.0 = Debug|Any CPU
		{DD336552-1731-4AEE-A279-8FFB25BE3DE0}.Debug|x64.Deploy.0 = Debug|Any CPU
		{DD336552-1731-4AEE-A279-8FFB25BE3DE0}.Debug|x86.ActiveCfg = Debug|Any CPU
		{DD336552-1731-4AEE-A279-8FFB25BE3DE0}.Debug|x86.Build.0 = Debug|Any CPU
		{DD336552-1731-4AEE-A279-8FFB25BE3DE0}.Debug|x86.Deploy.0 = Debug|Any CPU
		{DD336552-1731-4AEE-A279-8FFB25BE3DE0}.Release|Any CPU.ActiveCfg = Release|Any CPU
		{DD336552-1731-4AEE-A279-8FFB25BE3DE0}.Release|Any CPU.Build.0 = Release|Any CPU
		{DD336552-1731-4AEE-A279-8FFB25BE3DE0}.Release|Any CPU.Deploy.0 = Release|Any CPU
		{DD336552-1731-4AEE-A279-8FFB25BE3DE0}.Release|ARM.ActiveCfg = Release|Any CPU
		{DD336552-1731-4AEE-A279-8FFB25BE3DE0}.Release|ARM.Build.0 = Release|Any CPU
		{DD336552-1731-4AEE-A279-8FFB25BE3DE0}.Release|ARM.Deploy.0 = Release|Any CPU
		{DD336552-1731-4AEE-A279-8FFB25BE3DE0}.Release|iPhone.ActiveCfg = Release|Any CPU
		{DD336552-1731-4AEE-A279-8FFB25BE3DE0}.Release|iPhone.Build.0 = Release|Any CPU
		{DD336552-1731-4AEE-A279-8FFB25BE3DE0}.Release|iPhone.Deploy.0 = Release|Any CPU
		{DD336552-1731-4AEE-A279-8FFB25BE3DE0}.Release|iPhoneSimulator.ActiveCfg = Release|Any CPU
		{DD336552-1731-4AEE-A279-8FFB25BE3DE0}.Release|iPhoneSimulator.Build.0 = Release|Any CPU
		{DD336552-1731-4AEE-A279-8FFB25BE3DE0}.Release|iPhoneSimulator.Deploy.0 = Release|Any CPU
		{DD336552-1731-4AEE-A279-8FFB25BE3DE0}.Release|x64.ActiveCfg = Release|Any CPU
		{DD336552-1731-4AEE-A279-8FFB25BE3DE0}.Release|x64.Build.0 = Release|Any CPU
		{DD336552-1731-4AEE-A279-8FFB25BE3DE0}.Release|x64.Deploy.0 = Release|Any CPU
		{DD336552-1731-4AEE-A279-8FFB25BE3DE0}.Release|x86.ActiveCfg = Release|Any CPU
		{DD336552-1731-4AEE-A279-8FFB25BE3DE0}.Release|x86.Build.0 = Release|Any CPU
		{DD336552-1731-4AEE-A279-8FFB25BE3DE0}.Release|x86.Deploy.0 = Release|Any CPU
		{41B99EE1-F653-4805-BA9B-B2B83EDFAEEB}.Ad-Hoc|Any CPU.ActiveCfg = Release|Any CPU
		{41B99EE1-F653-4805-BA9B-B2B83EDFAEEB}.Ad-Hoc|Any CPU.Build.0 = Release|Any CPU
		{41B99EE1-F653-4805-BA9B-B2B83EDFAEEB}.Ad-Hoc|ARM.ActiveCfg = Release|Any CPU
		{41B99EE1-F653-4805-BA9B-B2B83EDFAEEB}.Ad-Hoc|ARM.Build.0 = Release|Any CPU
		{41B99EE1-F653-4805-BA9B-B2B83EDFAEEB}.Ad-Hoc|iPhone.ActiveCfg = Release|Any CPU
		{41B99EE1-F653-4805-BA9B-B2B83EDFAEEB}.Ad-Hoc|iPhone.Build.0 = Release|Any CPU
		{41B99EE1-F653-4805-BA9B-B2B83EDFAEEB}.Ad-Hoc|iPhoneSimulator.ActiveCfg = Release|Any CPU
		{41B99EE1-F653-4805-BA9B-B2B83EDFAEEB}.Ad-Hoc|iPhoneSimulator.Build.0 = Release|Any CPU
		{41B99EE1-F653-4805-BA9B-B2B83EDFAEEB}.Ad-Hoc|x64.ActiveCfg = Release|Any CPU
		{41B99EE1-F653-4805-BA9B-B2B83EDFAEEB}.Ad-Hoc|x64.Build.0 = Release|Any CPU
		{41B99EE1-F653-4805-BA9B-B2B83EDFAEEB}.Ad-Hoc|x86.ActiveCfg = Release|Any CPU
		{41B99EE1-F653-4805-BA9B-B2B83EDFAEEB}.Ad-Hoc|x86.Build.0 = Release|Any CPU
		{41B99EE1-F653-4805-BA9B-B2B83EDFAEEB}.AppStore|Any CPU.ActiveCfg = Release|Any CPU
		{41B99EE1-F653-4805-BA9B-B2B83EDFAEEB}.AppStore|Any CPU.Build.0 = Release|Any CPU
		{41B99EE1-F653-4805-BA9B-B2B83EDFAEEB}.AppStore|ARM.ActiveCfg = Release|Any CPU
		{41B99EE1-F653-4805-BA9B-B2B83EDFAEEB}.AppStore|ARM.Build.0 = Release|Any CPU
		{41B99EE1-F653-4805-BA9B-B2B83EDFAEEB}.AppStore|iPhone.ActiveCfg = Release|Any CPU
		{41B99EE1-F653-4805-BA9B-B2B83EDFAEEB}.AppStore|iPhone.Build.0 = Release|Any CPU
		{41B99EE1-F653-4805-BA9B-B2B83EDFAEEB}.AppStore|iPhoneSimulator.ActiveCfg = Release|Any CPU
		{41B99EE1-F653-4805-BA9B-B2B83EDFAEEB}.AppStore|iPhoneSimulator.Build.0 = Release|Any CPU
		{41B99EE1-F653-4805-BA9B-B2B83EDFAEEB}.AppStore|x64.ActiveCfg = Release|Any CPU
		{41B99EE1-F653-4805-BA9B-B2B83EDFAEEB}.AppStore|x64.Build.0 = Release|Any CPU
		{41B99EE1-F653-4805-BA9B-B2B83EDFAEEB}.AppStore|x86.ActiveCfg = Release|Any CPU
		{41B99EE1-F653-4805-BA9B-B2B83EDFAEEB}.AppStore|x86.Build.0 = Release|Any CPU
		{41B99EE1-F653-4805-BA9B-B2B83EDFAEEB}.Debug|Any CPU.ActiveCfg = Debug|Any CPU
		{41B99EE1-F653-4805-BA9B-B2B83EDFAEEB}.Debug|Any CPU.Build.0 = Debug|Any CPU
		{41B99EE1-F653-4805-BA9B-B2B83EDFAEEB}.Debug|ARM.ActiveCfg = Debug|Any CPU
		{41B99EE1-F653-4805-BA9B-B2B83EDFAEEB}.Debug|ARM.Build.0 = Debug|Any CPU
		{41B99EE1-F653-4805-BA9B-B2B83EDFAEEB}.Debug|iPhone.ActiveCfg = Debug|Any CPU
		{41B99EE1-F653-4805-BA9B-B2B83EDFAEEB}.Debug|iPhone.Build.0 = Debug|Any CPU
		{41B99EE1-F653-4805-BA9B-B2B83EDFAEEB}.Debug|iPhoneSimulator.ActiveCfg = Debug|Any CPU
		{41B99EE1-F653-4805-BA9B-B2B83EDFAEEB}.Debug|iPhoneSimulator.Build.0 = Debug|Any CPU
		{41B99EE1-F653-4805-BA9B-B2B83EDFAEEB}.Debug|x64.ActiveCfg = Debug|Any CPU
		{41B99EE1-F653-4805-BA9B-B2B83EDFAEEB}.Debug|x64.Build.0 = Debug|Any CPU
		{41B99EE1-F653-4805-BA9B-B2B83EDFAEEB}.Debug|x86.ActiveCfg = Debug|Any CPU
		{41B99EE1-F653-4805-BA9B-B2B83EDFAEEB}.Debug|x86.Build.0 = Debug|Any CPU
		{41B99EE1-F653-4805-BA9B-B2B83EDFAEEB}.Release|Any CPU.ActiveCfg = Release|Any CPU
		{41B99EE1-F653-4805-BA9B-B2B83EDFAEEB}.Release|Any CPU.Build.0 = Release|Any CPU
		{41B99EE1-F653-4805-BA9B-B2B83EDFAEEB}.Release|ARM.ActiveCfg = Release|Any CPU
		{41B99EE1-F653-4805-BA9B-B2B83EDFAEEB}.Release|ARM.Build.0 = Release|Any CPU
		{41B99EE1-F653-4805-BA9B-B2B83EDFAEEB}.Release|iPhone.ActiveCfg = Release|Any CPU
		{41B99EE1-F653-4805-BA9B-B2B83EDFAEEB}.Release|iPhone.Build.0 = Release|Any CPU
		{41B99EE1-F653-4805-BA9B-B2B83EDFAEEB}.Release|iPhoneSimulator.ActiveCfg = Release|Any CPU
		{41B99EE1-F653-4805-BA9B-B2B83EDFAEEB}.Release|iPhoneSimulator.Build.0 = Release|Any CPU
		{41B99EE1-F653-4805-BA9B-B2B83EDFAEEB}.Release|x64.ActiveCfg = Release|Any CPU
		{41B99EE1-F653-4805-BA9B-B2B83EDFAEEB}.Release|x64.Build.0 = Release|Any CPU
		{41B99EE1-F653-4805-BA9B-B2B83EDFAEEB}.Release|x86.ActiveCfg = Release|Any CPU
		{41B99EE1-F653-4805-BA9B-B2B83EDFAEEB}.Release|x86.Build.0 = Release|Any CPU
		{95A1577E-3EE6-4038-8006-2DC411BC0139}.Ad-Hoc|Any CPU.ActiveCfg = Release|x86
		{95A1577E-3EE6-4038-8006-2DC411BC0139}.Ad-Hoc|Any CPU.Build.0 = Release|x86
		{95A1577E-3EE6-4038-8006-2DC411BC0139}.Ad-Hoc|Any CPU.Deploy.0 = Release|x86
		{95A1577E-3EE6-4038-8006-2DC411BC0139}.Ad-Hoc|ARM.ActiveCfg = Release|ARM
		{95A1577E-3EE6-4038-8006-2DC411BC0139}.Ad-Hoc|ARM.Build.0 = Release|ARM
		{95A1577E-3EE6-4038-8006-2DC411BC0139}.Ad-Hoc|ARM.Deploy.0 = Release|ARM
		{95A1577E-3EE6-4038-8006-2DC411BC0139}.Ad-Hoc|iPhone.ActiveCfg = Release|x86
		{95A1577E-3EE6-4038-8006-2DC411BC0139}.Ad-Hoc|iPhone.Build.0 = Release|x86
		{95A1577E-3EE6-4038-8006-2DC411BC0139}.Ad-Hoc|iPhone.Deploy.0 = Release|x86
		{95A1577E-3EE6-4038-8006-2DC411BC0139}.Ad-Hoc|iPhoneSimulator.ActiveCfg = Release|x86
		{95A1577E-3EE6-4038-8006-2DC411BC0139}.Ad-Hoc|iPhoneSimulator.Build.0 = Release|x86
		{95A1577E-3EE6-4038-8006-2DC411BC0139}.Ad-Hoc|iPhoneSimulator.Deploy.0 = Release|x86
		{95A1577E-3EE6-4038-8006-2DC411BC0139}.Ad-Hoc|x64.ActiveCfg = Release|x64
		{95A1577E-3EE6-4038-8006-2DC411BC0139}.Ad-Hoc|x64.Build.0 = Release|x64
		{95A1577E-3EE6-4038-8006-2DC411BC0139}.Ad-Hoc|x64.Deploy.0 = Release|x64
		{95A1577E-3EE6-4038-8006-2DC411BC0139}.Ad-Hoc|x86.ActiveCfg = Release|x86
		{95A1577E-3EE6-4038-8006-2DC411BC0139}.Ad-Hoc|x86.Build.0 = Release|x86
		{95A1577E-3EE6-4038-8006-2DC411BC0139}.Ad-Hoc|x86.Deploy.0 = Release|x86
		{95A1577E-3EE6-4038-8006-2DC411BC0139}.AppStore|Any CPU.ActiveCfg = Release|x86
		{95A1577E-3EE6-4038-8006-2DC411BC0139}.AppStore|Any CPU.Build.0 = Release|x86
		{95A1577E-3EE6-4038-8006-2DC411BC0139}.AppStore|Any CPU.Deploy.0 = Release|x86
		{95A1577E-3EE6-4038-8006-2DC411BC0139}.AppStore|ARM.ActiveCfg = Release|ARM
		{95A1577E-3EE6-4038-8006-2DC411BC0139}.AppStore|ARM.Build.0 = Release|ARM
		{95A1577E-3EE6-4038-8006-2DC411BC0139}.AppStore|ARM.Deploy.0 = Release|ARM
		{95A1577E-3EE6-4038-8006-2DC411BC0139}.AppStore|iPhone.ActiveCfg = Release|x86
		{95A1577E-3EE6-4038-8006-2DC411BC0139}.AppStore|iPhone.Build.0 = Release|x86
		{95A1577E-3EE6-4038-8006-2DC411BC0139}.AppStore|iPhone.Deploy.0 = Release|x86
		{95A1577E-3EE6-4038-8006-2DC411BC0139}.AppStore|iPhoneSimulator.ActiveCfg = Release|x86
		{95A1577E-3EE6-4038-8006-2DC411BC0139}.AppStore|iPhoneSimulator.Build.0 = Release|x86
		{95A1577E-3EE6-4038-8006-2DC411BC0139}.AppStore|iPhoneSimulator.Deploy.0 = Release|x86
		{95A1577E-3EE6-4038-8006-2DC411BC0139}.AppStore|x64.ActiveCfg = Release|x64
		{95A1577E-3EE6-4038-8006-2DC411BC0139}.AppStore|x64.Build.0 = Release|x64
		{95A1577E-3EE6-4038-8006-2DC411BC0139}.AppStore|x64.Deploy.0 = Release|x64
		{95A1577E-3EE6-4038-8006-2DC411BC0139}.AppStore|x86.ActiveCfg = Release|x86
		{95A1577E-3EE6-4038-8006-2DC411BC0139}.AppStore|x86.Build.0 = Release|x86
		{95A1577E-3EE6-4038-8006-2DC411BC0139}.AppStore|x86.Deploy.0 = Release|x86
		{95A1577E-3EE6-4038-8006-2DC411BC0139}.Debug|Any CPU.ActiveCfg = Debug|x86
		{95A1577E-3EE6-4038-8006-2DC411BC0139}.Debug|Any CPU.Build.0 = Debug|x86
		{95A1577E-3EE6-4038-8006-2DC411BC0139}.Debug|Any CPU.Deploy.0 = Debug|x86
		{95A1577E-3EE6-4038-8006-2DC411BC0139}.Debug|ARM.ActiveCfg = Debug|ARM
		{95A1577E-3EE6-4038-8006-2DC411BC0139}.Debug|ARM.Build.0 = Debug|ARM
		{95A1577E-3EE6-4038-8006-2DC411BC0139}.Debug|ARM.Deploy.0 = Debug|ARM
		{95A1577E-3EE6-4038-8006-2DC411BC0139}.Debug|iPhone.ActiveCfg = Debug|x86
		{95A1577E-3EE6-4038-8006-2DC411BC0139}.Debug|iPhoneSimulator.ActiveCfg = Debug|x86
		{95A1577E-3EE6-4038-8006-2DC411BC0139}.Debug|x64.ActiveCfg = Debug|x64
		{95A1577E-3EE6-4038-8006-2DC411BC0139}.Debug|x64.Build.0 = Debug|x64
		{95A1577E-3EE6-4038-8006-2DC411BC0139}.Debug|x64.Deploy.0 = Debug|x64
		{95A1577E-3EE6-4038-8006-2DC411BC0139}.Debug|x86.ActiveCfg = Debug|x86
		{95A1577E-3EE6-4038-8006-2DC411BC0139}.Debug|x86.Build.0 = Debug|x86
		{95A1577E-3EE6-4038-8006-2DC411BC0139}.Debug|x86.Deploy.0 = Debug|x86
		{95A1577E-3EE6-4038-8006-2DC411BC0139}.Release|Any CPU.ActiveCfg = Release|x86
		{95A1577E-3EE6-4038-8006-2DC411BC0139}.Release|ARM.ActiveCfg = Release|ARM
		{95A1577E-3EE6-4038-8006-2DC411BC0139}.Release|ARM.Build.0 = Release|ARM
		{95A1577E-3EE6-4038-8006-2DC411BC0139}.Release|ARM.Deploy.0 = Release|ARM
		{95A1577E-3EE6-4038-8006-2DC411BC0139}.Release|iPhone.ActiveCfg = Release|x86
		{95A1577E-3EE6-4038-8006-2DC411BC0139}.Release|iPhoneSimulator.ActiveCfg = Release|x86
		{95A1577E-3EE6-4038-8006-2DC411BC0139}.Release|x64.ActiveCfg = Release|x64
		{95A1577E-3EE6-4038-8006-2DC411BC0139}.Release|x64.Build.0 = Release|x64
		{95A1577E-3EE6-4038-8006-2DC411BC0139}.Release|x64.Deploy.0 = Release|x64
		{95A1577E-3EE6-4038-8006-2DC411BC0139}.Release|x86.ActiveCfg = Release|x86
		{95A1577E-3EE6-4038-8006-2DC411BC0139}.Release|x86.Build.0 = Release|x86
		{95A1577E-3EE6-4038-8006-2DC411BC0139}.Release|x86.Deploy.0 = Release|x86
		{5CBD14B6-A7A3-48A5-BF75-1F647530D0F1}.Ad-Hoc|Any CPU.ActiveCfg = Ad-Hoc|iPhone
		{5CBD14B6-A7A3-48A5-BF75-1F647530D0F1}.Ad-Hoc|ARM.ActiveCfg = Ad-Hoc|iPhone
		{5CBD14B6-A7A3-48A5-BF75-1F647530D0F1}.Ad-Hoc|iPhone.ActiveCfg = Ad-Hoc|iPhone
		{5CBD14B6-A7A3-48A5-BF75-1F647530D0F1}.Ad-Hoc|iPhone.Build.0 = Ad-Hoc|iPhone
		{5CBD14B6-A7A3-48A5-BF75-1F647530D0F1}.Ad-Hoc|iPhoneSimulator.ActiveCfg = Ad-Hoc|iPhoneSimulator
		{5CBD14B6-A7A3-48A5-BF75-1F647530D0F1}.Ad-Hoc|iPhoneSimulator.Build.0 = Ad-Hoc|iPhoneSimulator
		{5CBD14B6-A7A3-48A5-BF75-1F647530D0F1}.Ad-Hoc|x64.ActiveCfg = Ad-Hoc|iPhone
		{5CBD14B6-A7A3-48A5-BF75-1F647530D0F1}.Ad-Hoc|x86.ActiveCfg = Ad-Hoc|iPhone
		{5CBD14B6-A7A3-48A5-BF75-1F647530D0F1}.AppStore|Any CPU.ActiveCfg = AppStore|iPhone
		{5CBD14B6-A7A3-48A5-BF75-1F647530D0F1}.AppStore|ARM.ActiveCfg = AppStore|iPhone
		{5CBD14B6-A7A3-48A5-BF75-1F647530D0F1}.AppStore|iPhone.ActiveCfg = AppStore|iPhone
		{5CBD14B6-A7A3-48A5-BF75-1F647530D0F1}.AppStore|iPhone.Build.0 = AppStore|iPhone
		{5CBD14B6-A7A3-48A5-BF75-1F647530D0F1}.AppStore|iPhoneSimulator.ActiveCfg = AppStore|iPhoneSimulator
		{5CBD14B6-A7A3-48A5-BF75-1F647530D0F1}.AppStore|iPhoneSimulator.Build.0 = AppStore|iPhoneSimulator
		{5CBD14B6-A7A3-48A5-BF75-1F647530D0F1}.AppStore|x64.ActiveCfg = AppStore|iPhone
		{5CBD14B6-A7A3-48A5-BF75-1F647530D0F1}.AppStore|x86.ActiveCfg = AppStore|iPhone
		{5CBD14B6-A7A3-48A5-BF75-1F647530D0F1}.Debug|Any CPU.ActiveCfg = Debug|iPhone
		{5CBD14B6-A7A3-48A5-BF75-1F647530D0F1}.Debug|ARM.ActiveCfg = Debug|iPhone
		{5CBD14B6-A7A3-48A5-BF75-1F647530D0F1}.Debug|iPhone.ActiveCfg = Debug|iPhone
		{5CBD14B6-A7A3-48A5-BF75-1F647530D0F1}.Debug|iPhone.Build.0 = Debug|iPhone
		{5CBD14B6-A7A3-48A5-BF75-1F647530D0F1}.Debug|iPhoneSimulator.ActiveCfg = Debug|iPhoneSimulator
		{5CBD14B6-A7A3-48A5-BF75-1F647530D0F1}.Debug|iPhoneSimulator.Build.0 = Debug|iPhoneSimulator
		{5CBD14B6-A7A3-48A5-BF75-1F647530D0F1}.Debug|x64.ActiveCfg = Debug|iPhone
		{5CBD14B6-A7A3-48A5-BF75-1F647530D0F1}.Debug|x86.ActiveCfg = Debug|iPhone
		{5CBD14B6-A7A3-48A5-BF75-1F647530D0F1}.Release|Any CPU.ActiveCfg = Release|iPhone
		{5CBD14B6-A7A3-48A5-BF75-1F647530D0F1}.Release|ARM.ActiveCfg = Release|iPhone
		{5CBD14B6-A7A3-48A5-BF75-1F647530D0F1}.Release|iPhone.ActiveCfg = Release|iPhone
		{5CBD14B6-A7A3-48A5-BF75-1F647530D0F1}.Release|iPhone.Build.0 = Release|iPhone
		{5CBD14B6-A7A3-48A5-BF75-1F647530D0F1}.Release|iPhoneSimulator.ActiveCfg = Release|iPhoneSimulator
		{5CBD14B6-A7A3-48A5-BF75-1F647530D0F1}.Release|iPhoneSimulator.Build.0 = Release|iPhoneSimulator
		{5CBD14B6-A7A3-48A5-BF75-1F647530D0F1}.Release|x64.ActiveCfg = Release|iPhone
		{5CBD14B6-A7A3-48A5-BF75-1F647530D0F1}.Release|x86.ActiveCfg = Release|iPhone
	EndGlobalSection
	GlobalSection(SolutionProperties) = preSolution
		HideSolutionNode = FALSE
	EndGlobalSection
EndGlobal
